# THIS IS AN AUTOGENERATED FILE. DO NOT EDIT THIS FILE DIRECTLY.
# yarn lockfile v1


events@^3.1.0:
  version "3.1.0"
  resolved "https://registry.npm.taobao.org/events/download/events-3.1.0.tgz#84279af1b34cb75aa88bf5ff291f6d0bd9b31a59"
  integrity sha1-hCea8bNMt1qoi/X/KR9tC9mzGlk=

weui-miniprogram@^1.0.4:
  version "1.0.4"
  resolved "https://registry.npm.taobao.org/weui-miniprogram/download/weui-miniprogram-1.0.4.tgz#379bb56970c8fd84a83042433e45fef329397733"
  integrity sha1-N5u1aXDI/YSoMEJDPkX+8yk5dzM=
